
Microsoft Visual Studio Solution File, Format Version 12.00
# Visual Studio Version 16
VisualStudioVersion = 16.0.32510.428
MinimumVisualStudioVersion = 10.0.40219.1
Project("{FAE04EC0-301F-11D3-BF4B-00C04F79EFBC}") = "001_Homwork", "001_Homwork.csproj", "{10B11E7C-E4FF-4216-B9F8-5583EA1BEDD4}"
EndProject
Project("{FAE04EC0-301F-11D3-BF4B-00C04F79EFBC}") = "002_study", "..\445\002_study.csproj", "{576E05C1-413D-4438-AC39-C24361B32EEE}"
EndProject
Project("{FAE04EC0-301F-11D3-BF4B-00C04F79EFBC}") = "mygame", "..\mygame\mygame.csproj", "{0C94E4D6-14E1-4D99-8DF4-E2C1AB26D8FB}"
EndProject
Project("{FAE04EC0-301F-11D3-BF4B-00C04F79EFBC}") = "002_Homework_Carculator_ver1", "..\homework_2week\002_Homework_Carculator_ver1.csproj", "{B9AB71EE-360D-4B15-A732-5CBD43BF4855}"
EndProject
Project("{FAE04EC0-301F-11D3-BF4B-00C04F79EFBC}") = "002_Homework_Carculator", "..\011_car\002_Homework_Carculator.csproj", "{1959B9FA-1885-4172-B761-472FF061280C}"
EndProject
Project("{FAE04EC0-301F-11D3-BF4B-00C04F79EFBC}") = "002_Homework_Carculator_ver2", "..\HomeWork_calculator_ver2\002_Homework_Carculator_ver2.csproj", "{F8AEEA55-32EA-40E0-9FEB-637762D5BF2B}"
EndProject
Project("{FAE04EC0-301F-11D3-BF4B-00C04F79EFBC}") = "003_Homework", "..\003_Homework\003_Homework.csproj", "{D8954EFC-DBEF-4D7C-AF28-7C73B3902A9A}"
EndProject
Project("{FAE04EC0-301F-11D3-BF4B-00C04F79EFBC}") = "004_Homework_Bob", "..\004_Homework_Bob\004_Homework_Bob.csproj", "{6769ACFA-0AA8-44AF-99E6-D84EE6245744}"
EndProject
Project("{FAE04EC0-301F-11D3-BF4B-00C04F79EFBC}") = "005_Homework_BaseballGame", "..\005_Homework_BaseballGame\005_Homework_BaseballGame.csproj", "{AAB3105D-A97F-42D4-B636-C6F1D9B65C0E}"
EndProject
Project("{FAE04EC0-301F-11D3-BF4B-00C04F79EFBC}") = "error", "..\error\error.csproj", "{3A12A344-2705-4CF2-AB63-11029E363506}"
EndProject
Project("{FAE04EC0-301F-11D3-BF4B-00C04F79EFBC}") = "006_Homework_Lotto", "..\006_Homework_Lotto\006_Homework_Lotto.csproj", "{FA643F57-2A3D-4FEE-A2D2-A7EF919CA35A}"
EndProject
Global
	GlobalSection(SolutionConfigurationPlatforms) = preSolution
		Debug|Any CPU = Debug|Any CPU
		Release|Any CPU = Release|Any CPU
	EndGlobalSection
	GlobalSection(ProjectConfigurationPlatforms) = postSolution
		{10B11E7C-E4FF-4216-B9F8-5583EA1BEDD4}.Debug|Any CPU.ActiveCfg = Debug|Any CPU
		{10B11E7C-E4FF-4216-B9F8-5583EA1BEDD4}.Debug|Any CPU.Build.0 = Debug|Any CPU
		{10B11E7C-E4FF-4216-B9F8-5583EA1BEDD4}.Release|Any CPU.ActiveCfg = Release|Any CPU
		{10B11E7C-E4FF-4216-B9F8-5583EA1BEDD4}.Release|Any CPU.Build.0 = Release|Any CPU
		{576E05C1-413D-4438-AC39-C24361B32EEE}.Debug|Any CPU.ActiveCfg = Debug|Any CPU
		{576E05C1-413D-4438-AC39-C24361B32EEE}.Debug|Any CPU.Build.0 = Debug|Any CPU
		{576E05C1-413D-4438-AC39-C24361B32EEE}.Release|Any CPU.ActiveCfg = Release|Any CPU
		{576E05C1-413D-4438-AC39-C24361B32EEE}.Release|Any CPU.Build.0 = Release|Any CPU
		{0C94E4D6-14E1-4D99-8DF4-E2C1AB26D8FB}.Debug|Any CPU.ActiveCfg = Debug|Any CPU
		{0C94E4D6-14E1-4D99-8DF4-E2C1AB26D8FB}.Debug|Any CPU.Build.0 = Debug|Any CPU
		{0C94E4D6-14E1-4D99-8DF4-E2C1AB26D8FB}.Release|Any CPU.ActiveCfg = Release|Any CPU
		{0C94E4D6-14E1-4D99-8DF4-E2C1AB26D8FB}.Release|Any CPU.Build.0 = Release|Any CPU
		{B9AB71EE-360D-4B15-A732-5CBD43BF4855}.Debug|Any CPU.ActiveCfg = Debug|Any CPU
		{B9AB71EE-360D-4B15-A732-5CBD43BF4855}.Debug|Any CPU.Build.0 = Debug|Any CPU
		{B9AB71EE-360D-4B15-A732-5CBD43BF4855}.Release|Any CPU.ActiveCfg = Release|Any CPU
		{B9AB71EE-360D-4B15-A732-5CBD43BF4855}.Release|Any CPU.Build.0 = Release|Any CPU
		{1959B9FA-1885-4172-B761-472FF061280C}.Debug|Any CPU.ActiveCfg = Debug|Any CPU
		{1959B9FA-1885-4172-B761-472FF061280C}.Debug|Any CPU.Build.0 = Debug|Any CPU
		{1959B9FA-1885-4172-B761-472FF061280C}.Release|Any CPU.ActiveCfg = Release|Any CPU
		{1959B9FA-1885-4172-B761-472FF061280C}.Release|Any CPU.Build.0 = Release|Any CPU
		{F8AEEA55-32EA-40E0-9FEB-637762D5BF2B}.Debug|Any CPU.ActiveCfg = Debug|Any CPU
		{F8AEEA55-32EA-40E0-9FEB-637762D5BF2B}.Debug|Any CPU.Build.0 = Debug|Any CPU
		{F8AEEA55-32EA-40E0-9FEB-637762D5BF2B}.Release|Any CPU.ActiveCfg = Release|Any CPU
		{F8AEEA55-32EA-40E0-9FEB-637762D5BF2B}.Release|Any CPU.Build.0 = Release|Any CPU
		{D8954EFC-DBEF-4D7C-AF28-7C73B3902A9A}.Debug|Any CPU.ActiveCfg = Debug|Any CPU
		{D8954EFC-DBEF-4D7C-AF28-7C73B3902A9A}.Debug|Any CPU.Build.0 = Debug|Any CPU
		{D8954EFC-DBEF-4D7C-AF28-7C73B3902A9A}.Release|Any CPU.ActiveCfg = Release|Any CPU
		{D8954EFC-DBEF-4D7C-AF28-7C73B3902A9A}.Release|Any CPU.Build.0 = Release|Any CPU
		{6769ACFA-0AA8-44AF-99E6-D84EE6245744}.Debug|Any CPU.ActiveCfg = Debug|Any CPU
		{6769ACFA-0AA8-44AF-99E6-D84EE6245744}.Debug|Any CPU.Build.0 = Debug|Any CPU
		{6769ACFA-0AA8-44AF-99E6-D84EE6245744}.Release|Any CPU.ActiveCfg = Release|Any CPU
		{6769ACFA-0AA8-44AF-99E6-D84EE6245744}.Release|Any CPU.Build.0 = Release|Any CPU
		{AAB3105D-A97F-42D4-B636-C6F1D9B65C0E}.Debug|Any CPU.ActiveCfg = Debug|Any CPU
		{AAB3105D-A97F-42D4-B636-C6F1D9B65C0E}.Debug|Any CPU.Build.0 = Debug|Any CPU
		{AAB3105D-A97F-42D4-B636-C6F1D9B65C0E}.Release|Any CPU.ActiveCfg = Release|Any CPU
		{AAB3105D-A97F-42D4-B636-C6F1D9B65C0E}.Release|Any CPU.Build.0 = Release|Any CPU
		{3A12A344-2705-4CF2-AB63-11029E363506}.Debug|Any CPU.ActiveCfg = Debug|Any CPU
		{3A12A344-2705-4CF2-AB63-11029E363506}.Debug|Any CPU.Build.0 = Debug|Any CPU
		{3A12A344-2705-4CF2-AB63-11029E363506}.Release|Any CPU.ActiveCfg = Release|Any CPU
		{3A12A344-2705-4CF2-AB63-11029E363506}.Release|Any CPU.Build.0 = Release|Any CPU
		{FA643F57-2A3D-4FEE-A2D2-A7EF919CA35A}.Debug|Any CPU.ActiveCfg = Debug|Any CPU
		{FA643F57-2A3D-4FEE-A2D2-A7EF919CA35A}.Debug|Any CPU.Build.0 = Debug|Any CPU
		{FA643F57-2A3D-4FEE-A2D2-A7EF919CA35A}.Release|Any CPU.ActiveCfg = Release|Any CPU
		{FA643F57-2A3D-4FEE-A2D2-A7EF919CA35A}.Release|Any CPU.Build.0 = Release|Any CPU
	EndGlobalSection
	GlobalSection(SolutionProperties) = preSolution
		HideSolutionNode = FALSE
	EndGlobalSection
	GlobalSection(ExtensibilityGlobals) = postSolution
		SolutionGuid = {9D82EDBC-071B-473A-921C-AFFAA74D9210}
	EndGlobalSection
EndGlobal
