
Microsoft Visual Studio Solution File, Format Version 12.00
# Visual Studio Version 16
VisualStudioVersion = 16.0.32510.428
MinimumVisualStudioVersion = 10.0.40219.1
Project("{FAE04EC0-301F-11D3-BF4B-00C04F79EFBC}") = "homework_01", "homework_01.csproj", "{10B11E7C-E4FF-4216-B9F8-5583EA1BEDD4}"
EndProject
Global
	GlobalSection(SolutionConfigurationPlatforms) = preSolution
		Debug|Any CPU = Debug|Any CPU
		Release|Any CPU = Release|Any CPU
	EndGlobalSection
	GlobalSection(ProjectConfigurationPlatforms) = postSolution
		{10B11E7C-E4FF-4216-B9F8-5583EA1BEDD4}.Debug|Any CPU.ActiveCfg = Debug|Any CPU
		{10B11E7C-E4FF-4216-B9F8-5583EA1BEDD4}.Debug|Any CPU.Build.0 = Debug|Any CPU
		{10B11E7C-E4FF-4216-B9F8-5583EA1BEDD4}.Release|Any CPU.ActiveCfg = Release|Any CPU
		{10B11E7C-E4FF-4216-B9F8-5583EA1BEDD4}.Release|Any CPU.Build.0 = Release|Any CPU
	EndGlobalSection
	GlobalSection(SolutionProperties) = preSolution
		HideSolutionNode = FALSE
	EndGlobalSection
	GlobalSection(ExtensibilityGlobals) = postSolution
		SolutionGuid = {9D82EDBC-071B-473A-921C-AFFAA74D9210}
	EndGlobalSection
EndGlobal
