
Microsoft Visual Studio Solution File, Format Version 12.00
# Visual Studio Version 16
VisualStudioVersion = 16.0.32510.428
MinimumVisualStudioVersion = 10.0.40219.1
Project("{FAE04EC0-301F-11D3-BF4B-00C04F79EFBC}") = "mygame", "mygame.csproj", "{0C94E4D6-14E1-4D99-8DF4-E2C1AB26D8FB}"
EndProject
Project("{FAE04EC0-301F-11D3-BF4B-00C04F79EFBC}") = "ConsoleApp2", "..\ConsoleApp2\ConsoleApp2.csproj", "{BF89A967-3C1A-49A1-B0F8-E93A75403F86}"
EndProject
Global
	GlobalSection(SolutionConfigurationPlatforms) = preSolution
		Debug|Any CPU = Debug|Any CPU
		Release|Any CPU = Release|Any CPU
	EndGlobalSection
	GlobalSection(ProjectConfigurationPlatforms) = postSolution
		{0C94E4D6-14E1-4D99-8DF4-E2C1AB26D8FB}.Debug|Any CPU.ActiveCfg = Debug|Any CPU
		{0C94E4D6-14E1-4D99-8DF4-E2C1AB26D8FB}.Debug|Any CPU.Build.0 = Debug|Any CPU
		{0C94E4D6-14E1-4D99-8DF4-E2C1AB26D8FB}.Release|Any CPU.ActiveCfg = Release|Any CPU
		{0C94E4D6-14E1-4D99-8DF4-E2C1AB26D8FB}.Release|Any CPU.Build.0 = Release|Any CPU
		{BF89A967-3C1A-49A1-B0F8-E93A75403F86}.Debug|Any CPU.ActiveCfg = Debug|Any CPU
		{BF89A967-3C1A-49A1-B0F8-E93A75403F86}.Debug|Any CPU.Build.0 = Debug|Any CPU
		{BF89A967-3C1A-49A1-B0F8-E93A75403F86}.Release|Any CPU.ActiveCfg = Release|Any CPU
		{BF89A967-3C1A-49A1-B0F8-E93A75403F86}.Release|Any CPU.Build.0 = Release|Any CPU
	EndGlobalSection
	GlobalSection(SolutionProperties) = preSolution
		HideSolutionNode = FALSE
	EndGlobalSection
	GlobalSection(ExtensibilityGlobals) = postSolution
		SolutionGuid = {8D14B263-AF43-401A-BF60-A99D58273570}
	EndGlobalSection
EndGlobal
