
Microsoft Visual Studio Solution File, Format Version 12.00
# Visual Studio Version 16
VisualStudioVersion = 16.0.32630.194
MinimumVisualStudioVersion = 10.0.40219.1
Project("{FAE04EC0-301F-11D3-BF4B-00C04F79EFBC}") = "Git_project", "Git_project\Git_project.csproj", "{C92A26D3-869E-4DF4-B8C5-507D5043E915}"
EndProject
Global
	GlobalSection(SolutionConfigurationPlatforms) = preSolution
		Debug|Any CPU = Debug|Any CPU
		Release|Any CPU = Release|Any CPU
	EndGlobalSection
	GlobalSection(ProjectConfigurationPlatforms) = postSolution
		{C92A26D3-869E-4DF4-B8C5-507D5043E915}.Debug|Any CPU.ActiveCfg = Debug|Any CPU
		{C92A26D3-869E-4DF4-B8C5-507D5043E915}.Debug|Any CPU.Build.0 = Debug|Any CPU
		{C92A26D3-869E-4DF4-B8C5-507D5043E915}.Release|Any CPU.ActiveCfg = Release|Any CPU
		{C92A26D3-869E-4DF4-B8C5-507D5043E915}.Release|Any CPU.Build.0 = Release|Any CPU
	EndGlobalSection
	GlobalSection(SolutionProperties) = preSolution
		HideSolutionNode = FALSE
	EndGlobalSection
	GlobalSection(ExtensibilityGlobals) = postSolution
		SolutionGuid = {3CD3313B-4E3F-4204-A743-E4E8E9344B0F}
	EndGlobalSection
EndGlobal
